
Microsoft Visual Studio Solution File, Format Version 12.00
# Visual Studio Version 17
VisualStudioVersion = 17.0.31912.275
MinimumVisualStudioVersion = 10.0.40219.1
Project("{FAE04EC0-301F-11D3-BF4B-00C04F79EFBC}") = "PresidentialElection", "PresidentialElection.csproj", "{58D6A8C0-D906-4F54-9E0C-4202AA0D1515}"
EndProject
Global
	GlobalSection(SolutionConfigurationPlatforms) = preSolution
		Debug|Any CPU = Debug|Any CPU
		Release|Any CPU = Release|Any CPU
	EndGlobalSection
	GlobalSection(ProjectConfigurationPlatforms) = postSolution
		{58D6A8C0-D906-4F54-9E0C-4202AA0D1515}.Debug|Any CPU.ActiveCfg = Debug|Any CPU
		{58D6A8C0-D906-4F54-9E0C-4202AA0D1515}.Debug|Any CPU.Build.0 = Debug|Any CPU
		{58D6A8C0-D906-4F54-9E0C-4202AA0D1515}.Release|Any CPU.ActiveCfg = Release|Any CPU
		{58D6A8C0-D906-4F54-9E0C-4202AA0D1515}.Release|Any CPU.Build.0 = Release|Any CPU
	EndGlobalSection
	GlobalSection(SolutionProperties) = preSolution
		HideSolutionNode = FALSE
	EndGlobalSection
	GlobalSection(ExtensibilityGlobals) = postSolution
		SolutionGuid = {2CE33AE5-D7CB-4D85-B557-B3173B32FC8B}
	EndGlobalSection
EndGlobal
